// !$*UTF8*$!
{
	archiveVersion = 1;
	classes = {
	};
	objectVersion = 48;
	objects = {

/* Begin PBXBuildFile section */
		0062E5EC54A16A64F68334C1 /* Pods_jsrouterdemo.framework in Frameworks */ = {isa = PBXBuildFile; fileRef = 7692ADA36DC5144380E3D0C0 /* Pods_jsrouterdemo.framework */; };
		0EF249CE1FE1023E008F1488 /* AppDelegate.swift in Sources */ = {isa = PBXBuildFile; fileRef = 0EF249CD1FE1023E008F1488 /* AppDelegate.swift */; };
		0EF249D01FE1023E008F1488 /* ViewController.swift in Sources */ = {isa = PBXBuildFile; fileRef = 0EF249CF1FE1023E008F1488 /* ViewController.swift */; };
		0EF249D31FE1023E008F1488 /* Main.storyboard in Resources */ = {isa = PBXBuildFile; fileRef = 0EF249D11FE1023E008F1488 /* Main.storyboard */; };
		0EF249D51FE1023E008F1488 /* Assets.xcassets in Resources */ = {isa = PBXBuildFile; fileRef = 0EF249D41FE1023E008F1488 /* Assets.xcassets */; };
		0EF249D81FE1023E008F1488 /* LaunchScreen.storyboard in Resources */ = {isa = PBXBuildFile; fileRef = 0EF249D61FE1023E008F1488 /* LaunchScreen.storyboard */; };
		0EF249E01FE103B3008F1488 /* BaseNavViewController.swift in Sources */ = {isa = PBXBuildFile; fileRef = 0EF249DF1FE103B3008F1488 /* BaseNavViewController.swift */; };
		0EF249E21FE103E1008F1488 /* BaseTabarViewController.swift in Sources */ = {isa = PBXBuildFile; fileRef = 0EF249E11FE103E1008F1488 /* BaseTabarViewController.swift */; };
		0EF249E41FE10406008F1488 /* OneViewController.swift in Sources */ = {isa = PBXBuildFile; fileRef = 0EF249E31FE10406008F1488 /* OneViewController.swift */; };
		0EF249E61FE10413008F1488 /* TwoViewController.swift in Sources */ = {isa = PBXBuildFile; fileRef = 0EF249E51FE10413008F1488 /* TwoViewController.swift */; };
		0EF249E81FE1041F008F1488 /* ThreeViewController.swift in Sources */ = {isa = PBXBuildFile; fileRef = 0EF249E71FE1041F008F1488 /* ThreeViewController.swift */; };
		0EF249EA1FE10436008F1488 /* OnePushViewController.swift in Sources */ = {isa = PBXBuildFile; fileRef = 0EF249E91FE10436008F1488 /* OnePushViewController.swift */; };
		0EF249EC1FE1044A008F1488 /* TwoPushViewController.swift in Sources */ = {isa = PBXBuildFile; fileRef = 0EF249EB1FE1044A008F1488 /* TwoPushViewController.swift */; };
		0EF249EE1FE10458008F1488 /* ThreePushViewController.swift in Sources */ = {isa = PBXBuildFile; fileRef = 0EF249ED1FE10458008F1488 /* ThreePushViewController.swift */; };
/* End PBXBuildFile section */

/* Begin PBXFileReference section */
		0EF249CA1FE1023E008F1488 /* jsrouterdemo.app */ = {isa = PBXFileReference; explicitFileType = wrapper.application; includeInIndex = 0; path = jsrouterdemo.app; sourceTree = BUILT_PRODUCTS_DIR; };
		0EF249CD1FE1023E008F1488 /* AppDelegate.swift */ = {isa = PBXFileReference; lastKnownFileType = sourcecode.swift; path = AppDelegate.swift; sourceTree = "<group>"; };
		0EF249CF1FE1023E008F1488 /* ViewController.swift */ = {isa = PBXFileReference; lastKnownFileType = sourcecode.swift; path = ViewController.swift; sourceTree = "<group>"; };
		0EF249D21FE1023E008F1488 /* Base */ = {isa = PBXFileReference; lastKnownFileType = file.storyboard; name = Base; path = Base.lproj/Main.storyboard; sourceTree = "<group>"; };
		0EF249D41FE1023E008F1488 /* Assets.xcassets */ = {isa = PBXFileReference; lastKnownFileType = folder.assetcatalog; path = Assets.xcassets; sourceTree = "<group>"; };
		0EF249D71FE1023E008F1488 /* Base */ = {isa = PBXFileReference; lastKnownFileType = file.storyboard; name = Base; path = Base.lproj/LaunchScreen.storyboard; sourceTree = "<group>"; };
		0EF249D91FE1023E008F1488 /* Info.plist */ = {isa = PBXFileReference; lastKnownFileType = text.plist.xml; path = Info.plist; sourceTree = "<group>"; };
		0EF249DF1FE103B3008F1488 /* BaseNavViewController.swift */ = {isa = PBXFileReference; lastKnownFileType = sourcecode.swift; path = BaseNavViewController.swift; sourceTree = "<group>"; };
		0EF249E11FE103E1008F1488 /* BaseTabarViewController.swift */ = {isa = PBXFileReference; lastKnownFileType = sourcecode.swift; path = BaseTabarViewController.swift; sourceTree = "<group>"; };
		0EF249E31FE10406008F1488 /* OneViewController.swift */ = {isa = PBXFileReference; lastKnownFileType = sourcecode.swift; path = OneViewController.swift; sourceTree = "<group>"; };
		0EF249E51FE10413008F1488 /* TwoViewController.swift */ = {isa = PBXFileReference; lastKnownFileType = sourcecode.swift; path = TwoViewController.swift; sourceTree = "<group>"; };
		0EF249E71FE1041F008F1488 /* ThreeViewController.swift */ = {isa = PBXFileReference; lastKnownFileType = sourcecode.swift; path = ThreeViewController.swift; sourceTree = "<group>"; };
		0EF249E91FE10436008F1488 /* OnePushViewController.swift */ = {isa = PBXFileReference; lastKnownFileType = sourcecode.swift; path = OnePushViewController.swift; sourceTree = "<group>"; };
		0EF249EB1FE1044A008F1488 /* TwoPushViewController.swift */ = {isa = PBXFileReference; lastKnownFileType = sourcecode.swift; path = TwoPushViewController.swift; sourceTree = "<group>"; };
		0EF249ED1FE10458008F1488 /* ThreePushViewController.swift */ = {isa = PBXFileReference; lastKnownFileType = sourcecode.swift; path = ThreePushViewController.swift; sourceTree = "<group>"; };
		0EF249EF1FE1052E008F1488 /* jsrouterdemo-Bridging-Header.h */ = {isa = PBXFileReference; lastKnownFileType = sourcecode.c.h; path = "jsrouterdemo-Bridging-Header.h"; sourceTree = "<group>"; };
		7692ADA36DC5144380E3D0C0 /* Pods_jsrouterdemo.framework */ = {isa = PBXFileReference; explicitFileType = wrapper.framework; includeInIndex = 0; path = Pods_jsrouterdemo.framework; sourceTree = BUILT_PRODUCTS_DIR; };
		A6034D46D356BEE1516DD8DC /* Pods-jsrouterdemo.debug.xcconfig */ = {isa = PBXFileReference; includeInIndex = 1; lastKnownFileType = text.xcconfig; name = "Pods-jsrouterdemo.debug.xcconfig"; path = "Pods/Target Support Files/Pods-jsrouterdemo/Pods-jsrouterdemo.debug.xcconfig"; sourceTree = "<group>"; };
		DCF9C605F5CEE0CFF4172204 /* Pods-jsrouterdemo.release.xcconfig */ = {isa = PBXFileReference; includeInIndex = 1; lastKnownFileType = text.xcconfig; name = "Pods-jsrouterdemo.release.xcconfig"; path = "Pods/Target Support Files/Pods-jsrouterdemo/Pods-jsrouterdemo.release.xcconfig"; sourceTree = "<group>"; };
/* End PBXFileReference section */

/* Begin PBXFrameworksBuildPhase section */
		0EF249C71FE1023E008F1488 /* Frameworks */ = {
			isa = PBXFrameworksBuildPhase;
			buildActionMask = 2147483647;
			files = (
				0062E5EC54A16A64F68334C1 /* Pods_jsrouterdemo.framework in Frameworks */,
			);
			runOnlyForDeploymentPostprocessing = 0;
		};
/* End PBXFrameworksBuildPhase section */

/* Begin PBXGroup section */
		0B5F8EE098DB89E3C5A49412 /* Frameworks */ = {
			isa = PBXGroup;
			children = (
				7692ADA36DC5144380E3D0C0 /* Pods_jsrouterdemo.framework */,
			);
			name = Frameworks;
			sourceTree = "<group>";
		};
		0EF249C11FE1023E008F1488 = {
			isa = PBXGroup;
			children = (
				0EF249CC1FE1023E008F1488 /* jsrouterdemo */,
				0EF249CB1FE1023E008F1488 /* Products */,
				1E150B7437603806CF6A2188 /* Pods */,
				0B5F8EE098DB89E3C5A49412 /* Frameworks */,
			);
			sourceTree = "<group>";
		};
		0EF249CB1FE1023E008F1488 /* Products */ = {
			isa = PBXGroup;
			children = (
				0EF249CA1FE1023E008F1488 /* jsrouterdemo.app */,
			);
			name = Products;
			sourceTree = "<group>";
		};
		0EF249CC1FE1023E008F1488 /* jsrouterdemo */ = {
			isa = PBXGroup;
			children = (
				0EF249CD1FE1023E008F1488 /* AppDelegate.swift */,
				0EF249DF1FE103B3008F1488 /* BaseNavViewController.swift */,
				0EF249E11FE103E1008F1488 /* BaseTabarViewController.swift */,
				0EF249E31FE10406008F1488 /* OneViewController.swift */,
				0EF249E51FE10413008F1488 /* TwoViewController.swift */,
				0EF249E71FE1041F008F1488 /* ThreeViewController.swift */,
				0EF249E91FE10436008F1488 /* OnePushViewController.swift */,
				0EF249EB1FE1044A008F1488 /* TwoPushViewController.swift */,
				0EF249ED1FE10458008F1488 /* ThreePushViewController.swift */,
				0EF249CF1FE1023E008F1488 /* ViewController.swift */,
				0EF249D11FE1023E008F1488 /* Main.storyboard */,
				0EF249D41FE1023E008F1488 /* Assets.xcassets */,
				0EF249D61FE1023E008F1488 /* LaunchScreen.storyboard */,
				0EF249D91FE1023E008F1488 /* Info.plist */,
				0EF249EF1FE1052E008F1488 /* jsrouterdemo-Bridging-Header.h */,
			);
			path = jsrouterdemo;
			sourceTree = "<group>";
		};
		1E150B7437603806CF6A2188 /* Pods */ = {
			isa = PBXGroup;
			children = (
				A6034D46D356BEE1516DD8DC /* Pods-jsrouterdemo.debug.xcconfig */,
				DCF9C605F5CEE0CFF4172204 /* Pods-jsrouterdemo.release.xcconfig */,
			);
			name = Pods;
			sourceTree = "<group>";
		};
/* End PBXGroup section */

/* Begin PBXNativeTarget section */
		0EF249C91FE1023E008F1488 /* jsrouterdemo */ = {
			isa = PBXNativeTarget;
			buildConfigurationList = 0EF249DC1FE1023E008F1488 /* Build configuration list for PBXNativeTarget "jsrouterdemo" */;
			buildPhases = (
				EC46C25F89448B9EAA9CCD39 /* [CP] Check Pods Manifest.lock */,
				0EF249C61FE1023E008F1488 /* Sources */,
				0EF249C71FE1023E008F1488 /* Frameworks */,
				0EF249C81FE1023E008F1488 /* Resources */,
				DE3C570000C394E6A3241CD5 /* [CP] Embed Pods Frameworks */,
				EF9C14A8A5D1734F63219BBF /* [CP] Copy Pods Resources */,
			);
			buildRules = (
			);
			dependencies = (
			);
			name = jsrouterdemo;
			productName = jsrouterdemo;
			productReference = 0EF249CA1FE1023E008F1488 /* jsrouterdemo.app */;
			productType = "com.apple.product-type.application";
		};
/* End PBXNativeTarget section */

/* Begin PBXProject section */
		0EF249C21FE1023E008F1488 /* Project object */ = {
			isa = PBXProject;
			attributes = {
				LastSwiftUpdateCheck = 0910;
				LastUpgradeCheck = 0910;
				ORGANIZATIONNAME = zhangzt;
				TargetAttributes = {
					0EF249C91FE1023E008F1488 = {
						CreatedOnToolsVersion = 9.1;
						LastSwiftMigration = 0910;
						ProvisioningStyle = Automatic;
					};
				};
			};
			buildConfigurationList = 0EF249C51FE1023E008F1488 /* Build configuration list for PBXProject "jsrouterdemo" */;
			compatibilityVersion = "Xcode 8.0";
			developmentRegion = en;
			hasScannedForEncodings = 0;
			knownRegions = (
				en,
				Base,
			);
			mainGroup = 0EF249C11FE1023E008F1488;
			productRefGroup = 0EF249CB1FE1023E008F1488 /* Products */;
			projectDirPath = "";
			projectRoot = "";
			targets = (
				0EF249C91FE1023E008F1488 /* jsrouterdemo */,
			);
		};
/* End PBXProject section */

/* Begin PBXResourcesBuildPhase section */
		0EF249C81FE1023E008F1488 /* Resources */ = {
			isa = PBXResourcesBuildPhase;
			buildActionMask = 2147483647;
			files = (
				0EF249D81FE1023E008F1488 /* LaunchScreen.storyboard in Resources */,
				0EF249D51FE1023E008F1488 /* Assets.xcassets in Resources */,
				0EF249D31FE1023E008F1488 /* Main.storyboard in Resources */,
			);
			runOnlyForDeploymentPostprocessing = 0;
		};
/* End PBXResourcesBuildPhase section */

/* Begin PBXShellScriptBuildPhase section */
		DE3C570000C394E6A3241CD5 /* [CP] Embed Pods Frameworks */ = {
			isa = PBXShellScriptBuildPhase;
			buildActionMask = 2147483647;
			files = (
			);
			inputPaths = (
				"${SRCROOT}/Pods/Target Support Files/Pods-jsrouterdemo/Pods-jsrouterdemo-frameworks.sh",
				"${BUILT_PRODUCTS_DIR}/JLRoutes/JLRoutes.framework",
			);
			name = "[CP] Embed Pods Frameworks";
			outputPaths = (
				"${TARGET_BUILD_DIR}/${FRAMEWORKS_FOLDER_PATH}/JLRoutes.framework",
			);
			runOnlyForDeploymentPostprocessing = 0;
			shellPath = /bin/sh;
			shellScript = "\"${SRCROOT}/Pods/Target Support Files/Pods-jsrouterdemo/Pods-jsrouterdemo-frameworks.sh\"\n";
			showEnvVarsInLog = 0;
		};
		EC46C25F89448B9EAA9CCD39 /* [CP] Check Pods Manifest.lock */ = {
			isa = PBXShellScriptBuildPhase;
			buildActionMask = 2147483647;
			files = (
			);
			inputPaths = (
				"${PODS_PODFILE_DIR_PATH}/Podfile.lock",
				"${PODS_ROOT}/Manifest.lock",
			);
			name = "[CP] Check Pods Manifest.lock";
			outputPaths = (
				"$(DERIVED_FILE_DIR)/Pods-jsrouterdemo-checkManifestLockResult.txt",
			);
			runOnlyForDeploymentPostprocessing = 0;
			shellPath = /bin/sh;
			shellScript = "diff \"${PODS_PODFILE_DIR_PATH}/Podfile.lock\" \"${PODS_ROOT}/Manifest.lock\" > /dev/null\nif [ $? != 0 ] ; then\n    # print error to STDERR\n    echo \"error: The sandbox is not in sync with the Podfile.lock. Run 'pod install' or update your CocoaPods installation.\" >&2\n    exit 1\nfi\n# This output is used by Xcode 'outputs' to avoid re-running this script phase.\necho \"SUCCESS\" > \"${SCRIPT_OUTPUT_FILE_0}\"\n";
			showEnvVarsInLog = 0;
		};
		EF9C14A8A5D1734F63219BBF /* [CP] Copy Pods Resources */ = {
			isa = PBXShellScriptBuildPhase;
			buildActionMask = 2147483647;
			files = (
			);
			inputPaths = (
			);
			name = "[CP] Copy Pods Resources";
			outputPaths = (
			);
			runOnlyForDeploymentPostprocessing = 0;
			shellPath = /bin/sh;
			shellScript = "\"${SRCROOT}/Pods/Target Support Files/Pods-jsrouterdemo/Pods-jsrouterdemo-resources.sh\"\n";
			showEnvVarsInLog = 0;
		};
/* End PBXShellScriptBuildPhase section */

/* Begin PBXSourcesBuildPhase section */
		0EF249C61FE1023E008F1488 /* Sources */ = {
			isa = PBXSourcesBuildPhase;
			buildActionMask = 2147483647;
			files = (
				0EF249E81FE1041F008F1488 /* ThreeViewController.swift in Sources */,
				0EF249E21FE103E1008F1488 /* BaseTabarViewController.swift in Sources */,
				0EF249E41FE10406008F1488 /* OneViewController.swift in Sources */,
				0EF249EE1FE10458008F1488 /* ThreePushViewController.swift in Sources */,
				0EF249D01FE1023E008F1488 /* ViewController.swift in Sources */,
				0EF249CE1FE1023E008F1488 /* AppDelegate.swift in Sources */,
				0EF249E01FE103B3008F1488 /* BaseNavViewController.swift in Sources */,
				0EF249E61FE10413008F1488 /* TwoViewController.swift in Sources */,
				0EF249EA1FE10436008F1488 /* OnePushViewController.swift in Sources */,
				0EF249EC1FE1044A008F1488 /* TwoPushViewController.swift in Sources */,
			);
			runOnlyForDeploymentPostprocessing = 0;
		};
/* End PBXSourcesBuildPhase section */

/* Begin PBXVariantGroup section */
		0EF249D11FE1023E008F1488 /* Main.storyboard */ = {
			isa = PBXVariantGroup;
			children = (
				0EF249D21FE1023E008F1488 /* Base */,
			);
			name = Main.storyboard;
			sourceTree = "<group>";
		};
		0EF249D61FE1023E008F1488 /* LaunchScreen.storyboard */ = {
			isa = PBXVariantGroup;
			children = (
				0EF249D71FE1023E008F1488 /* Base */,
			);
			name = LaunchScreen.storyboard;
			sourceTree = "<group>";
		};
/* End PBXVariantGroup section */

/* Begin XCBuildConfiguration section */
		0EF249DA1FE1023E008F1488 /* Debug */ = {
			isa = XCBuildConfiguration;
			buildSettings = {
				ALWAYS_SEARCH_USER_PATHS = NO;
				CLANG_ANALYZER_NONNULL = YES;
				CLANG_ANALYZER_NUMBER_OBJECT_CONVERSION = YES_AGGRESSIVE;
				CLANG_CXX_LANGUAGE_STANDARD = "gnu++14";
				CLANG_CXX_LIBRARY = "libc++";
				CLANG_ENABLE_MODULES = YES;
				CLANG_ENABLE_OBJC_ARC = YES;
				CLANG_WARN_BLOCK_CAPTURE_AUTORELEASING = YES;
				CLANG_WARN_BOOL_CONVERSION = YES;
				CLANG_WARN_COMMA = YES;
				CLANG_WARN_CONSTANT_CONVERSION = YES;
				CLANG_WARN_DIRECT_OBJC_ISA_USAGE = YES_ERROR;
				CLANG_WARN_DOCUMENTATION_COMMENTS = YES;
				CLANG_WARN_EMPTY_BODY = YES;
				CLANG_WARN_ENUM_CONVERSION = YES;
				CLANG_WARN_INFINITE_RECURSION = YES;
				CLANG_WARN_INT_CONVERSION = YES;
				CLANG_WARN_NON_LITERAL_NULL_CONVERSION = YES;
				CLANG_WARN_OBJC_LITERAL_CONVERSION = YES;
				CLANG_WARN_OBJC_ROOT_CLASS = YES_ERROR;
				CLANG_WARN_RANGE_LOOP_ANALYSIS = YES;
				CLANG_WARN_STRICT_PROTOTYPES = YES;
				CLANG_WARN_SUSPICIOUS_MOVE = YES;
				CLANG_WARN_UNGUARDED_AVAILABILITY = YES_AGGRESSIVE;
				CLANG_WARN_UNREACHABLE_CODE = YES;
				CLANG_WARN__DUPLICATE_METHOD_MATCH = YES;
				CODE_SIGN_IDENTITY = "iPhone Developer";
				COPY_PHASE_STRIP = NO;
				DEBUG_INFORMATION_FORMAT = dwarf;
				ENABLE_STRICT_OBJC_MSGSEND = YES;
				ENABLE_TESTABILITY = YES;
				GCC_C_LANGUAGE_STANDARD = gnu11;
				GCC_DYNAMIC_NO_PIC = NO;
				GCC_NO_COMMON_BLOCKS = YES;
				GCC_OPTIMIZATION_LEVEL = 0;
				GCC_PREPROCESSOR_DEFINITIONS = (
					"DEBUG=1",
					"$(inherited)",
				);
				GCC_WARN_64_TO_32_BIT_CONVERSION = YES;
				GCC_WARN_ABOUT_RETURN_TYPE = YES_ERROR;
				GCC_WARN_UNDECLARED_SELECTOR = YES;
				GCC_WARN_UNINITIALIZED_AUTOS = YES_AGGRESSIVE;
				GCC_WARN_UNUSED_FUNCTION = YES;
				GCC_WARN_UNUSED_VARIABLE = YES;
				IPHONEOS_DEPLOYMENT_TARGET = 11.1;
				MTL_ENABLE_DEBUG_INFO = YES;
				ONLY_ACTIVE_ARCH = YES;
				SDKROOT = iphoneos;
				SWIFT_ACTIVE_COMPILATION_CONDITIONS = DEBUG;
				SWIFT_OPTIMIZATION_LEVEL = "-Onone";
			};
			name = Debug;
		};
		0EF249DB1FE1023E008F1488 /* Release */ = {
			isa = XCBuildConfiguration;
			buildSettings = {
				ALWAYS_SEARCH_USER_PATHS = NO;
				CLANG_ANALYZER_NONNULL = YES;
				CLANG_ANALYZER_NUMBER_OBJECT_CONVERSION = YES_AGGRESSIVE;
				CLANG_CXX_LANGUAGE_STANDARD = "gnu++14";
				CLANG_CXX_LIBRARY = "libc++";
				CLANG_ENABLE_MODULES = YES;
				CLANG_ENABLE_OBJC_ARC = YES;
				CLANG_WARN_BLOCK_CAPTURE_AUTORELEASING = YES;
				CLANG_WARN_BOOL_CONVERSION = YES;
				CLANG_WARN_COMMA = YES;
				CLANG_WARN_CONSTANT_CONVERSION = YES;
				CLANG_WARN_DIRECT_OBJC_ISA_USAGE = YES_ERROR;
				CLANG_WARN_DOCUMENTATION_COMMENTS = YES;
				CLANG_WARN_EMPTY_BODY = YES;
				CLANG_WARN_ENUM_CONVERSION = YES;
				CLANG_WARN_INFINITE_RECURSION = YES;
				CLANG_WARN_INT_CONVERSION = YES;
				CLANG_WARN_NON_LITERAL_NULL_CONVERSION = YES;
				CLANG_WARN_OBJC_LITERAL_CONVERSION = YES;
				CLANG_WARN_OBJC_ROOT_CLASS = YES_ERROR;
				CLANG_WARN_RANGE_LOOP_ANALYSIS = YES;
				CLANG_WARN_STRICT_PROTOTYPES = YES;
				CLANG_WARN_SUSPICIOUS_MOVE = YES;
				CLANG_WARN_UNGUARDED_AVAILABILITY = YES_AGGRESSIVE;
				CLANG_WARN_UNREACHABLE_CODE = YES;
				CLANG_WARN__DUPLICATE_METHOD_MATCH = YES;
				CODE_SIGN_IDENTITY = "iPhone Developer";
				COPY_PHASE_STRIP = NO;
				DEBUG_INFORMATION_FORMAT = "dwarf-with-dsym";
				ENABLE_NS_ASSERTIONS = NO;
				ENABLE_STRICT_OBJC_MSGSEND = YES;
				GCC_C_LANGUAGE_STANDARD = gnu11;
				GCC_NO_COMMON_BLOCKS = YES;
				GCC_WARN_64_TO_32_BIT_CONVERSION = YES;
				GCC_WARN_ABOUT_RETURN_TYPE = YES_ERROR;
				GCC_WARN_UNDECLARED_SELECTOR = YES;
				GCC_WARN_UNINITIALIZED_AUTOS = YES_AGGRESSIVE;
				GCC_WARN_UNUSED_FUNCTION = YES;
				GCC_WARN_UNUSED_VARIABLE = YES;
				IPHONEOS_DEPLOYMENT_TARGET = 11.1;
				MTL_ENABLE_DEBUG_INFO = NO;
				SDKROOT = iphoneos;
				SWIFT_OPTIMIZATION_LEVEL = "-Owholemodule";
				VALIDATE_PRODUCT = YES;
			};
			name = Release;
		};
		0EF249DD1FE1023E008F1488 /* Debug */ = {
			isa = XCBuildConfiguration;
			baseConfigurationReference = A6034D46D356BEE1516DD8DC /* Pods-jsrouterdemo.debug.xcconfig */;
			buildSettings = {
				ASSETCATALOG_COMPILER_APPICON_NAME = AppIcon;
				CLANG_ENABLE_MODULES = YES;
				"CODE_SIGN_IDENTITY[sdk=iphoneos*]" = "iPhone Developer";
				CODE_SIGN_STYLE = Automatic;
				DEVELOPMENT_TEAM = FNHQNU4RFC;
				INFOPLIST_FILE = jsrouterdemo/Info.plist;
				IPHONEOS_DEPLOYMENT_TARGET = 9.1;
				LD_RUNPATH_SEARCH_PATHS = "$(inherited) @executable_path/Frameworks";
				PRODUCT_BUNDLE_IDENTIFIER = com.zhangzt.test5;
				PRODUCT_NAME = "$(TARGET_NAME)";
				PROVISIONING_PROFILE_SPECIFIER = "";
				SWIFT_OBJC_BRIDGING_HEADER = "jsrouterdemo/jsrouterdemo-Bridging-Header.h";
				SWIFT_OPTIMIZATION_LEVEL = "-Onone";
				SWIFT_VERSION = 4.0;
				TARGETED_DEVICE_FAMILY = 1;
			};
			name = Debug;
		};
		0EF249DE1FE1023E008F1488 /* Release */ = {
			isa = XCBuildConfiguration;
			baseConfigurationReference = DCF9C605F5CEE0CFF4172204 /* Pods-jsrouterdemo.release.xcconfig */;
			buildSettings = {
				ASSETCATALOG_COMPILER_APPICON_NAME = AppIcon;
				CLANG_ENABLE_MODULES = YES;
				"CODE_SIGN_IDENTITY[sdk=iphoneos*]" = "iPhone Developer";
				CODE_SIGN_STYLE = Automatic;
				DEVELOPMENT_TEAM = FNHQNU4RFC;
				INFOPLIST_FILE = jsrouterdemo/Info.plist;
				IPHONEOS_DEPLOYMENT_TARGET = 9.1;
				LD_RUNPATH_SEARCH_PATHS = "$(inherited) @executable_path/Frameworks";
				PRODUCT_BUNDLE_IDENTIFIER = com.zhangzt.test5;
				PRODUCT_NAME = "$(TARGET_NAME)";
				PROVISIONING_PROFILE_SPECIFIER = "";
				SWIFT_OBJC_BRIDGING_HEADER = "jsrouterdemo/jsrouterdemo-Bridging-Header.h";
				SWIFT_VERSION = 4.0;
				TARGETED_DEVICE_FAMILY = 1;
			};
			name = Release;
		};
/* End XCBuildConfiguration section */

/* Begin XCConfigurationList section */
		0EF249C51FE1023E008F1488 /* Build configuration list for PBXProject "jsrouterdemo" */ = {
			isa = XCConfigurationList;
			buildConfigurations = (
				0EF249DA1FE1023E008F1488 /* Debug */,
				0EF249DB1FE1023E008F1488 /* Release */,
			);
			defaultConfigurationIsVisible = 0;
			defaultConfigurationName = Release;
		};
		0EF249DC1FE1023E008F1488 /* Build configuration list for PBXNativeTarget "jsrouterdemo" */ = {
			isa = XCConfigurationList;
			buildConfigurations = (
				0EF249DD1FE1023E008F1488 /* Debug */,
				0EF249DE1FE1023E008F1488 /* Release */,
			);
			defaultConfigurationIsVisible = 0;
			defaultConfigurationName = Release;
		};
/* End XCConfigurationList section */
	};
	rootObject = 0EF249C21FE1023E008F1488 /* Project object */;
}
